
Microsoft Visual Studio Solution File, Format Version 12.00
# Visual Studio 15
Project("{FAE04EC0-301F-11D3-BF4B-00C04F79EFBC}") = "FireBaseTestPOC.Android", "FireBaseTestPOC.Android\FireBaseTestPOC.Android.csproj", "{CB52D980-E972-4A53-9160-48A7144A7B7A}"
EndProject
Project("{FAE04EC0-301F-11D3-BF4B-00C04F79EFBC}") = "FireBaseTestPOC.iOS", "FireBaseTestPOC.iOS\FireBaseTestPOC.iOS.csproj", "{D1BC43BF-0AB1-4FF8-82CD-D4C5F970CFDF}"
EndProject
Project("{FAE04EC0-301F-11D3-BF4B-00C04F79EFBC}") = "FireBaseTestPOC", "FireBaseTestPOC\FireBaseTestPOC.csproj", "{4C02242E-76CD-43B4-8167-2C1F4AB4B636}"
EndProject
Global
	GlobalSection(SolutionConfigurationPlatforms) = preSolution
		Debug|Any CPU = Debug|Any CPU
		Release|Any CPU = Release|Any CPU
		Debug|iPhoneSimulator = Debug|iPhoneSimulator
		Release|iPhoneSimulator = Release|iPhoneSimulator
		Debug|iPhone = Debug|iPhone
		Release|iPhone = Release|iPhone
		Ad-Hoc|iPhone = Ad-Hoc|iPhone
		AppStore|iPhone = AppStore|iPhone
	EndGlobalSection
	GlobalSection(ProjectConfigurationPlatforms) = postSolution
		{CB52D980-E972-4A53-9160-48A7144A7B7A}.Debug|Any CPU.ActiveCfg = Debug|Any CPU
		{CB52D980-E972-4A53-9160-48A7144A7B7A}.Debug|Any CPU.Build.0 = Debug|Any CPU
		{CB52D980-E972-4A53-9160-48A7144A7B7A}.Release|Any CPU.ActiveCfg = Release|Any CPU
		{CB52D980-E972-4A53-9160-48A7144A7B7A}.Release|Any CPU.Build.0 = Release|Any CPU
		{CB52D980-E972-4A53-9160-48A7144A7B7A}.Debug|iPhoneSimulator.ActiveCfg = Debug|Any CPU
		{CB52D980-E972-4A53-9160-48A7144A7B7A}.Debug|iPhoneSimulator.Build.0 = Debug|Any CPU
		{CB52D980-E972-4A53-9160-48A7144A7B7A}.Release|iPhoneSimulator.ActiveCfg = Release|Any CPU
		{CB52D980-E972-4A53-9160-48A7144A7B7A}.Release|iPhoneSimulator.Build.0 = Release|Any CPU
		{CB52D980-E972-4A53-9160-48A7144A7B7A}.Debug|iPhone.ActiveCfg = Debug|Any CPU
		{CB52D980-E972-4A53-9160-48A7144A7B7A}.Debug|iPhone.Build.0 = Debug|Any CPU
		{CB52D980-E972-4A53-9160-48A7144A7B7A}.Release|iPhone.ActiveCfg = Release|Any CPU
		{CB52D980-E972-4A53-9160-48A7144A7B7A}.Release|iPhone.Build.0 = Release|Any CPU
		{CB52D980-E972-4A53-9160-48A7144A7B7A}.Ad-Hoc|iPhone.ActiveCfg = Debug|Any CPU
		{CB52D980-E972-4A53-9160-48A7144A7B7A}.Ad-Hoc|iPhone.Build.0 = Debug|Any CPU
		{CB52D980-E972-4A53-9160-48A7144A7B7A}.AppStore|iPhone.ActiveCfg = Debug|Any CPU
		{CB52D980-E972-4A53-9160-48A7144A7B7A}.AppStore|iPhone.Build.0 = Debug|Any CPU
		{D1BC43BF-0AB1-4FF8-82CD-D4C5F970CFDF}.Debug|Any CPU.ActiveCfg = Debug|iPhoneSimulator
		{D1BC43BF-0AB1-4FF8-82CD-D4C5F970CFDF}.Debug|Any CPU.Build.0 = Debug|iPhoneSimulator
		{D1BC43BF-0AB1-4FF8-82CD-D4C5F970CFDF}.Release|Any CPU.ActiveCfg = Release|iPhoneSimulator
		{D1BC43BF-0AB1-4FF8-82CD-D4C5F970CFDF}.Release|Any CPU.Build.0 = Release|iPhoneSimulator
		{D1BC43BF-0AB1-4FF8-82CD-D4C5F970CFDF}.Debug|iPhoneSimulator.ActiveCfg = Debug|iPhoneSimulator
		{D1BC43BF-0AB1-4FF8-82CD-D4C5F970CFDF}.Debug|iPhoneSimulator.Build.0 = Debug|iPhoneSimulator
		{D1BC43BF-0AB1-4FF8-82CD-D4C5F970CFDF}.Release|iPhoneSimulator.ActiveCfg = Release|iPhoneSimulator
		{D1BC43BF-0AB1-4FF8-82CD-D4C5F970CFDF}.Release|iPhoneSimulator.Build.0 = Release|iPhoneSimulator
		{D1BC43BF-0AB1-4FF8-82CD-D4C5F970CFDF}.Debug|iPhone.ActiveCfg = Debug|iPhone
		{D1BC43BF-0AB1-4FF8-82CD-D4C5F970CFDF}.Debug|iPhone.Build.0 = Debug|iPhone
		{D1BC43BF-0AB1-4FF8-82CD-D4C5F970CFDF}.Release|iPhone.ActiveCfg = Release|iPhone
		{D1BC43BF-0AB1-4FF8-82CD-D4C5F970CFDF}.Release|iPhone.Build.0 = Release|iPhone
		{D1BC43BF-0AB1-4FF8-82CD-D4C5F970CFDF}.Ad-Hoc|iPhone.ActiveCfg = Ad-Hoc|iPhone
		{D1BC43BF-0AB1-4FF8-82CD-D4C5F970CFDF}.Ad-Hoc|iPhone.Build.0 = Ad-Hoc|iPhone
		{D1BC43BF-0AB1-4FF8-82CD-D4C5F970CFDF}.AppStore|iPhone.ActiveCfg = AppStore|iPhone
		{D1BC43BF-0AB1-4FF8-82CD-D4C5F970CFDF}.AppStore|iPhone.Build.0 = AppStore|iPhone
		{4C02242E-76CD-43B4-8167-2C1F4AB4B636}.Debug|Any CPU.ActiveCfg = Debug|Any CPU
		{4C02242E-76CD-43B4-8167-2C1F4AB4B636}.Debug|Any CPU.Build.0 = Debug|Any CPU
		{4C02242E-76CD-43B4-8167-2C1F4AB4B636}.Release|Any CPU.ActiveCfg = Release|Any CPU
		{4C02242E-76CD-43B4-8167-2C1F4AB4B636}.Release|Any CPU.Build.0 = Release|Any CPU
		{4C02242E-76CD-43B4-8167-2C1F4AB4B636}.Debug|iPhoneSimulator.ActiveCfg = Debug|Any CPU
		{4C02242E-76CD-43B4-8167-2C1F4AB4B636}.Debug|iPhoneSimulator.Build.0 = Debug|Any CPU
		{4C02242E-76CD-43B4-8167-2C1F4AB4B636}.Release|iPhoneSimulator.ActiveCfg = Release|Any CPU
		{4C02242E-76CD-43B4-8167-2C1F4AB4B636}.Release|iPhoneSimulator.Build.0 = Release|Any CPU
		{4C02242E-76CD-43B4-8167-2C1F4AB4B636}.Debug|iPhone.ActiveCfg = Debug|Any CPU
		{4C02242E-76CD-43B4-8167-2C1F4AB4B636}.Debug|iPhone.Build.0 = Debug|Any CPU
		{4C02242E-76CD-43B4-8167-2C1F4AB4B636}.Release|iPhone.ActiveCfg = Release|Any CPU
		{4C02242E-76CD-43B4-8167-2C1F4AB4B636}.Release|iPhone.Build.0 = Release|Any CPU
		{4C02242E-76CD-43B4-8167-2C1F4AB4B636}.Ad-Hoc|iPhone.ActiveCfg = Debug|Any CPU
		{4C02242E-76CD-43B4-8167-2C1F4AB4B636}.Ad-Hoc|iPhone.Build.0 = Debug|Any CPU
		{4C02242E-76CD-43B4-8167-2C1F4AB4B636}.AppStore|iPhone.ActiveCfg = Debug|Any CPU
		{4C02242E-76CD-43B4-8167-2C1F4AB4B636}.AppStore|iPhone.Build.0 = Debug|Any CPU
	EndGlobalSection
EndGlobal
