
Microsoft Visual Studio Solution File, Format Version 12.00
# Visual Studio 2012
Project("{FAE04EC0-301F-11D3-BF4B-00C04F79EFBC}") = "XamarinViews", "XamarinViews\XamarinViews.csproj", "{52315C07-F471-4A51-9E33-916B6EE55E98}"
EndProject
Project("{FAE04EC0-301F-11D3-BF4B-00C04F79EFBC}") = "XamarinViews.iOS", "iOS\XamarinViews.iOS.csproj", "{C21EFD94-83DD-448F-A736-E77FDA8006E2}"
EndProject
Project("{FAE04EC0-301F-11D3-BF4B-00C04F79EFBC}") = "XamarinViews.Droid", "Droid\XamarinViews.Droid.csproj", "{5AC4DB10-7946-4426-A3BC-5178DB7828B1}"
EndProject
Global
	GlobalSection(SolutionConfigurationPlatforms) = preSolution
		Debug|Any CPU = Debug|Any CPU
		Release|Any CPU = Release|Any CPU
		Debug|iPhoneSimulator = Debug|iPhoneSimulator
		Release|iPhone = Release|iPhone
		Release|iPhoneSimulator = Release|iPhoneSimulator
		Debug|iPhone = Debug|iPhone
	EndGlobalSection
	GlobalSection(ProjectConfigurationPlatforms) = postSolution
		{52315C07-F471-4A51-9E33-916B6EE55E98}.Debug|Any CPU.ActiveCfg = Debug|Any CPU
		{52315C07-F471-4A51-9E33-916B6EE55E98}.Debug|Any CPU.Build.0 = Debug|Any CPU
		{52315C07-F471-4A51-9E33-916B6EE55E98}.Release|Any CPU.ActiveCfg = Release|Any CPU
		{52315C07-F471-4A51-9E33-916B6EE55E98}.Release|Any CPU.Build.0 = Release|Any CPU
		{52315C07-F471-4A51-9E33-916B6EE55E98}.Debug|iPhoneSimulator.ActiveCfg = Debug|Any CPU
		{52315C07-F471-4A51-9E33-916B6EE55E98}.Debug|iPhoneSimulator.Build.0 = Debug|Any CPU
		{52315C07-F471-4A51-9E33-916B6EE55E98}.Release|iPhone.ActiveCfg = Release|Any CPU
		{52315C07-F471-4A51-9E33-916B6EE55E98}.Release|iPhone.Build.0 = Release|Any CPU
		{52315C07-F471-4A51-9E33-916B6EE55E98}.Release|iPhoneSimulator.ActiveCfg = Release|Any CPU
		{52315C07-F471-4A51-9E33-916B6EE55E98}.Release|iPhoneSimulator.Build.0 = Release|Any CPU
		{52315C07-F471-4A51-9E33-916B6EE55E98}.Debug|iPhone.ActiveCfg = Debug|Any CPU
		{52315C07-F471-4A51-9E33-916B6EE55E98}.Debug|iPhone.Build.0 = Debug|Any CPU
		{C21EFD94-83DD-448F-A736-E77FDA8006E2}.Debug|Any CPU.ActiveCfg = Debug|iPhoneSimulator
		{C21EFD94-83DD-448F-A736-E77FDA8006E2}.Debug|Any CPU.Build.0 = Debug|iPhoneSimulator
		{C21EFD94-83DD-448F-A736-E77FDA8006E2}.Release|Any CPU.ActiveCfg = Release|iPhone
		{C21EFD94-83DD-448F-A736-E77FDA8006E2}.Release|Any CPU.Build.0 = Release|iPhone
		{C21EFD94-83DD-448F-A736-E77FDA8006E2}.Debug|iPhoneSimulator.ActiveCfg = Debug|iPhoneSimulator
		{C21EFD94-83DD-448F-A736-E77FDA8006E2}.Debug|iPhoneSimulator.Build.0 = Debug|iPhoneSimulator
		{C21EFD94-83DD-448F-A736-E77FDA8006E2}.Release|iPhone.ActiveCfg = Release|iPhone
		{C21EFD94-83DD-448F-A736-E77FDA8006E2}.Release|iPhone.Build.0 = Release|iPhone
		{C21EFD94-83DD-448F-A736-E77FDA8006E2}.Release|iPhoneSimulator.ActiveCfg = Release|iPhoneSimulator
		{C21EFD94-83DD-448F-A736-E77FDA8006E2}.Release|iPhoneSimulator.Build.0 = Release|iPhoneSimulator
		{C21EFD94-83DD-448F-A736-E77FDA8006E2}.Debug|iPhone.ActiveCfg = Debug|iPhone
		{C21EFD94-83DD-448F-A736-E77FDA8006E2}.Debug|iPhone.Build.0 = Debug|iPhone
		{5AC4DB10-7946-4426-A3BC-5178DB7828B1}.Debug|Any CPU.ActiveCfg = Debug|Any CPU
		{5AC4DB10-7946-4426-A3BC-5178DB7828B1}.Debug|Any CPU.Build.0 = Debug|Any CPU
		{5AC4DB10-7946-4426-A3BC-5178DB7828B1}.Release|Any CPU.ActiveCfg = Release|Any CPU
		{5AC4DB10-7946-4426-A3BC-5178DB7828B1}.Release|Any CPU.Build.0 = Release|Any CPU
		{5AC4DB10-7946-4426-A3BC-5178DB7828B1}.Debug|iPhoneSimulator.ActiveCfg = Debug|Any CPU
		{5AC4DB10-7946-4426-A3BC-5178DB7828B1}.Debug|iPhoneSimulator.Build.0 = Debug|Any CPU
		{5AC4DB10-7946-4426-A3BC-5178DB7828B1}.Release|iPhone.ActiveCfg = Release|Any CPU
		{5AC4DB10-7946-4426-A3BC-5178DB7828B1}.Release|iPhone.Build.0 = Release|Any CPU
		{5AC4DB10-7946-4426-A3BC-5178DB7828B1}.Release|iPhoneSimulator.ActiveCfg = Release|Any CPU
		{5AC4DB10-7946-4426-A3BC-5178DB7828B1}.Release|iPhoneSimulator.Build.0 = Release|Any CPU
		{5AC4DB10-7946-4426-A3BC-5178DB7828B1}.Debug|iPhone.ActiveCfg = Debug|Any CPU
		{5AC4DB10-7946-4426-A3BC-5178DB7828B1}.Debug|iPhone.Build.0 = Debug|Any CPU
	EndGlobalSection
EndGlobal
